{
  "name": "time-tracking",
  "version": "1.0.0",
  "lockfileVersion": 3,
  "requires": true,
  "packages": {
    "": {
      "name": "time-tracking",
      "version": "1.0.0",
      "license": "ISC",
      "dependencies": {
        "vanilla-calendar-pro": "^3.0.3"
      }
    },
    "node_modules/vanilla-calendar-pro": {
      "version": "3.0.3",
      "resolved": "https://registry.npmjs.org/vanilla-calendar-pro/-/vanilla-calendar-pro-3.0.3.tgz",
      "integrity": "sha512-bfmeGFaDeakk/OrwgM+22qDiRvIx1Zu+GG3+E/sCPjaKwbJR7AsDyRBfJQzVHRw3eeavU8jQQTRSFt8EPIPOGw==",
      "license": "MIT",
      "funding": {
        "type": "individual",
        "url": "https://ko-fi.com/uvarov_frontend"
      }
    }
  }
}
